Microsoft Visual Studio Solution File, Format Version 12.00
# Visual Studio Version 17
VisualStudioVersion = 17.5.2.0
MinimumVisualStudioVersion = 10.0.40219.1
Project("{FAE04EC0-301F-11D3-BF4B-00C04F79EFBC}") = "MRLONE_IndustrialCore", "MRLONE_IndustrialCore.csproj", "{BC5BDB17-0BF3-AE16-8829-192CD713D57B}"
EndProject
Global
	GlobalSection(SolutionConfigurationPlatforms) = preSolution
		Debug|Any CPU = Debug|Any CPU
		Release|Any CPU = Release|Any CPU
	EndGlobalSection
	GlobalSection(ProjectConfigurationPlatforms) = postSolution
		{BC5BDB17-0BF3-AE16-8829-192CD713D57B}.Debug|Any CPU.ActiveCfg = Debug|Any CPU
		{BC5BDB17-0BF3-AE16-8829-192CD713D57B}.Debug|Any CPU.Build.0 = Debug|Any CPU
		{BC5BDB17-0BF3-AE16-8829-192CD713D57B}.Release|Any CPU.ActiveCfg = Release|Any CPU
		{BC5BDB17-0BF3-AE16-8829-192CD713D57B}.Release|Any CPU.Build.0 = Release|Any CPU
	EndGlobalSection
	GlobalSection(SolutionProperties) = preSolution
		HideSolutionNode = FALSE
	EndGlobalSection
	GlobalSection(ExtensibilityGlobals) = postSolution
		SolutionGuid = {DEA96D71-27EF-4CCB-9A85-5D38BF776BF1}
	EndGlobalSection
EndGlobal
